{
    "_readme": [
        "This file locks the dependencies of your project to a known state",
        "Read more about it at http://getcomposer.org/doc/01-basic-usage.md#composer-lock-the-lock-file",
        "This file is @generated automatically"
    ],
    "hash": "8556f597c0e114b112b6b8d97b9da128",
    "packages": [
        {
            "name": "aws/aws-sdk-php",
            "version": "2.4.12",
            "source": {
                "type": "git",
                "url": "https://github.com/aws/aws-sdk-php.git",
                "reference": "61eaf675b7de9ce8b2c6b44317b01e6818ea16c3"
            },
            "dist": {
                "type": "zip",
                "url": "https://api.github.com/repos/aws/aws-sdk-php/zipball/61eaf675b7de9ce8b2c6b44317b01e6818ea16c3",
                "reference": "61eaf675b7de9ce8b2c6b44317b01e6818ea16c3",
                "shasum": ""
            },
            "require": {
                "guzzle/guzzle": ">=3.7.0,<3.9.0",
                "php": ">=5.3.3"
            },
            "require-dev": {
                "doctrine/cache": "~1.0",
                "ext-openssl": "*",
                "monolog/monolog": "1.4.*",
                "phpunit/phpunit": "3.7.*",
                "symfony/class-loader": "2.*",
                "symfony/yaml": "2.*"
            },
            "suggest": {
                "doctrine/cache": "Adds support for caching of credentials and responses",
                "ext-apc": "Allows service description opcode caching, request and response caching, and credentials caching",
                "ext-openssl": "Allows working with CloudFront private distributions and verifying received SNS messages",
                "monolog/monolog": "Adds support for logging HTTP requests and responses",
                "symfony/yaml": "Eases the ability to write manifests for creating jobs in AWS Import/Export"
            },
            "type": "library",
            "extra": {
                "branch-alias": {
                    "dev-master": "2.4.x-dev"
                }
            },
            "autoload": {
                "psr-0": {
                    "Aws": "src/"
                }
            },
            "notification-url": "https://packagist.org/downloads/",
            "license": [
                "Apache-2.0"
            ],
            "authors": [
                {
                    "name": "Amazon Web Services",
                    "homepage": "http://aws.amazon.com"
                }
            ],
            "description": "AWS SDK for PHP - Use Amazon Web Services in your PHP project",
            "homepage": "http://aws.amazon.com/sdkforphp",
            "keywords": [
                "amazon",
                "aws",
                "cloud",
                "dynamodb",
                "ec2",
                "glacier",
                "s3",
                "sdk"
            ],
            "time": "2013-12-12 19:35:51"
        },
        {
            "name": "dompdf/dompdf",
            "version": "v0.6.1",
            "source": {
                "type": "git",
                "url": "https://github.com/dompdf/dompdf.git",
                "reference": "cf7d8a0a27270418850cc7d7ea532159e5eeb3eb"
            },
            "dist": {
                "type": "zip",
                "url": "https://api.github.com/repos/dompdf/dompdf/zipball/cf7d8a0a27270418850cc7d7ea532159e5eeb3eb",
                "reference": "cf7d8a0a27270418850cc7d7ea532159e5eeb3eb",
                "shasum": ""
            },
            "require": {
                "phenx/php-font-lib": "0.2.*"
            },
            "type": "library",
            "autoload": {
                "classmap": [
                    "include/"
                ]
            },
            "notification-url": "https://packagist.org/downloads/",
            "license": [
                "LGPL"
            ],
            "authors": [
                {
                    "name": "Fabien Ménager",
                    "email": "fabien.menager@gmail.com"
                },
                {
                    "name": "Brian Sweeney",
                    "email": "eclecticgeek@gmail.com"
                }
            ],
            "description": "DOMPDF is a CSS 2.1 compliant HTML to PDF converter",
            "homepage": "https://github.com/dompdf/dompdf",
            "time": "2014-03-11 01:59:52"
        },
        {
            "name": "guzzle/guzzle",
            "version": "v3.8.1",
            "source": {
                "type": "git",
                "url": "https://github.com/guzzle/guzzle.git",
                "reference": "4de0618a01b34aa1c8c33a3f13f396dcd3882eba"
            },
            "dist": {
                "type": "zip",
                "url": "https://api.github.com/repos/guzzle/guzzle/zipball/4de0618a01b34aa1c8c33a3f13f396dcd3882eba",
                "reference": "4de0618a01b34aa1c8c33a3f13f396dcd3882eba",
                "shasum": ""
            },
            "require": {
                "ext-curl": "*",
                "php": ">=5.3.3",
                "symfony/event-dispatcher": ">=2.1"
            },
            "replace": {
                "guzzle/batch": "self.version",
                "guzzle/cache": "self.version",
                "guzzle/common": "self.version",
                "guzzle/http": "self.version",
                "guzzle/inflection": "self.version",
                "guzzle/iterator": "self.version",
                "guzzle/log": "self.version",
                "guzzle/parser": "self.version",
                "guzzle/plugin": "self.version",
                "guzzle/plugin-async": "self.version",
                "guzzle/plugin-backoff": "self.version",
                "guzzle/plugin-cache": "self.version",
                "guzzle/plugin-cookie": "self.version",
                "guzzle/plugin-curlauth": "self.version",
                "guzzle/plugin-error-response": "self.version",
                "guzzle/plugin-history": "self.version",
                "guzzle/plugin-log": "self.version",
                "guzzle/plugin-md5": "self.version",
                "guzzle/plugin-mock": "self.version",
                "guzzle/plugin-oauth": "self.version",
                "guzzle/service": "self.version",
                "guzzle/stream": "self.version"
            },
            "require-dev": {
                "doctrine/cache": "*",
                "monolog/monolog": "1.*",
                "phpunit/phpunit": "3.7.*",
                "psr/log": "1.0.*",
                "symfony/class-loader": "*",
                "zendframework/zend-cache": "<2.3",
                "zendframework/zend-log": "<2.3"
            },
            "type": "library",
            "extra": {
                "branch-alias": {
                    "dev-master": "3.8-dev"
                }
            },
            "autoload": {
                "psr-0": {
                    "Guzzle": "src/",
                    "Guzzle\\Tests": "tests/"
                }
            },
            "notification-url": "https://packagist.org/downloads/",
            "license": [
                "MIT"
            ],
            "authors": [
                {
                    "name": "Michael Dowling",
                    "email": "mtdowling@gmail.com",
                    "homepage": "https://github.com/mtdowling"
                },
                {
                    "name": "Guzzle Community",
                    "homepage": "https://github.com/guzzle/guzzle/contributors"
                }
            ],
            "description": "Guzzle is a PHP HTTP client library and framework for building RESTful web service clients",
            "homepage": "http://guzzlephp.org/",
            "keywords": [
                "client",
                "curl",
                "framework",
                "http",
                "http client",
                "rest",
                "web service"
            ],
            "time": "2014-01-28 22:29:15"
        },
        {
            "name": "hybridauth/hybridauth",
            "version": "v2.3.0",
            "source": {
                "type": "git",
                "url": "https://github.com/hybridauth/hybridauth.git",
                "reference": "1b161fb779ce352592fc0499b9a89713623a8ae5"
            },
            "dist": {
                "type": "zip",
                "url": "https://api.github.com/repos/hybridauth/hybridauth/zipball/1b161fb779ce352592fc0499b9a89713623a8ae5",
                "reference": "1b161fb779ce352592fc0499b9a89713623a8ae5",
                "shasum": ""
            },
            "require": {
                "ext-curl": "*",
                "php": ">=5.2.0"
            },
            "type": "library",
            "autoload": {
                "psr-0": {
                    "Hybrid": "hybridauth/"
                }
            },
            "notification-url": "https://packagist.org/downloads/",
            "license": [
                "(MIT or GPL-3.0+)"
            ],
            "authors": [
                {
                    "name": "Miled",
                    "email": "hybridauth@gmail.com"
                }
            ],
            "description": "Open source social sign on PHP library.",
            "homepage": "http://hybridauth.sourceforge.net",
            "keywords": [
                "OpenId",
                "facebook",
                "google",
                "hybridauth",
                "login",
                "oauth",
                "social",
                "twitter",
                "yahoo"
            ],
            "time": "2014-11-16 17:11:52"
        },
        {
            "name": "masterexploder/phpthumb",
            "version": "dev-master",
            "source": {
                "type": "git",
                "url": "https://github.com/masterexploder/PHPThumb.git",
                "reference": "69fe4dbef9c70915ee16652339395deadb1509cb"
            },
            "dist": {
                "type": "zip",
                "url": "https://api.github.com/repos/masterexploder/PHPThumb/zipball/69fe4dbef9c70915ee16652339395deadb1509cb",
                "reference": "69fe4dbef9c70915ee16652339395deadb1509cb",
                "shasum": ""
            },
            "require": {
                "php": ">=5.3.0",
                "symfony/filesystem": "2.2.*"
            },
            "type": "library",
            "autoload": {
                "psr-0": {
                    "PHPThumb": "src",
                    "PHPThumb\\Tests": "tests"
                }
            },
            "notification-url": "https://packagist.org/downloads/",
            "license": [
                "MIT"
            ],
            "authors": [
                {
                    "name": "Ian Selby",
                    "email": "ian@gxdlabs.com",
                    "homepage": "http://www.gen-x-design.com/",
                    "role": "Developer"
                },
                {
                    "name": "Jarrod Nettles",
                    "email": "jarrod.nettles@icloud.com"
                }
            ],
            "description": "A library for manipulating images in PHP.",
            "homepage": "https://github.com/masterexploder/PHPThumb",
            "keywords": [
                "image",
                "resize",
                "rotate"
            ],
            "time": "2013-07-12 17:57:58"
        },
        {
            "name": "mustache/mustache",
            "version": "v2.6.0",
            "source": {
                "type": "git",
                "url": "https://github.com/bobthecow/mustache.php.git",
                "reference": "43dc9457a2089cf86c0f7fdb79fcdc516293a4b6"
            },
            "dist": {
                "type": "zip",
                "url": "https://api.github.com/repos/bobthecow/mustache.php/zipball/43dc9457a2089cf86c0f7fdb79fcdc516293a4b6",
                "reference": "43dc9457a2089cf86c0f7fdb79fcdc516293a4b6",
                "shasum": ""
            },
            "require": {
                "php": ">=5.2.4"
            },
            "require-dev": {
                "phpunit/phpunit": "*"
            },
            "type": "library",
            "autoload": {
                "psr-0": {
                    "Mustache": "src/"
                }
            },
            "notification-url": "https://packagist.org/downloads/",
            "license": [
                "MIT"
            ],
            "authors": [
                {
                    "name": "Justin Hileman",
                    "email": "justin@justinhileman.info",
                    "homepage": "http://justinhileman.com"
                }
            ],
            "description": "A Mustache implementation in PHP.",
            "homepage": "https://github.com/bobthecow/mustache.php",
            "keywords": [
                "mustache",
                "templating"
            ],
            "time": "2014-04-14 01:24:40"
        },
        {
            "name": "nailsapp/common",
            "version": "dev-develop",
            "source": {
                "type": "git",
                "url": "https://github.com/nailsapp/common.git",
                "reference": "11845c0a1a9deda9b1882abb0b652b222bd22f79"
            },
            "dist": {
                "type": "zip",
                "url": "https://api.github.com/repos/nailsapp/common/zipball/11845c0a1a9deda9b1882abb0b652b222bd22f79",
                "reference": "11845c0a1a9deda9b1882abb0b652b222bd22f79",
                "shasum": ""
            },
            "require": {
                "symfony/console": "~2.5.4"
            },
            "type": "library",
            "notification-url": "https://packagist.org/downloads/",
            "license": [
                "MIT"
            ],
            "authors": [
                {
                    "name": "Pablo de la Pena",
                    "email": "p@shedcollective.org",
                    "homepage": "http://shedcollective.org",
                    "role": "Developer"
                },
                {
                    "name": "Gary Duncan",
                    "email": "g@shedcollective.org",
                    "homepage": "http://shedcollective.org",
                    "role": "Developer"
                }
            ],
            "description": "Nails is a framework for CodeIgniter designed to make building interactive web applications fast.",
            "homepage": "http://nailsapp.co.uk",
            "keywords": [
                "Nails",
                "Shed Collective",
                "codeigniter"
            ],
            "time": "2015-01-29 13:11:53"
        },
        {
            "name": "nailsapp/module-admin",
            "version": "dev-develop",
            "source": {
                "type": "git",
                "url": "https://github.com/nailsapp/module-admin.git",
                "reference": "bae57ee027291be0058d4c937be22dba597c7008"
            },
            "dist": {
                "type": "zip",
                "url": "https://api.github.com/repos/nailsapp/module-admin/zipball/bae57ee027291be0058d4c937be22dba597c7008",
                "reference": "bae57ee027291be0058d4c937be22dba597c7008",
                "shasum": ""
            },
            "require": {
                "mustache/mustache": "v2.6.0",
                "nailsapp/module-api": "dev-develop",
                "nailsapp/module-auth": "dev-develop",
                "nailsapp/module-cdn": "dev-develop",
                "nailsapp/module-pdf": "dev-develop"
            },
            "type": "library",
            "extra": {
                "nails": {
                    "moduleName": "admin",
                    "type": "module"
                }
            },
            "notification-url": "https://packagist.org/downloads/",
            "license": [
                "MIT"
            ],
            "authors": [
                {
                    "name": "Pablo de la Pena",
                    "email": "p@shedcollective.org",
                    "homepage": "http://shedcollective.org",
                    "role": "Developer"
                },
                {
                    "name": "Gary Duncan",
                    "email": "g@shedcollective.org",
                    "homepage": "http://shedcollective.org",
                    "role": "Developer"
                }
            ],
            "description": "This is the \"Admin\" module for Nails.",
            "homepage": "http://nailsapp.co.uk/modules/admin",
            "keywords": [
                "Admin Module",
                "Nails",
                "Shed Collective",
                "codeigniter"
            ],
            "time": "2015-01-29 13:12:23"
        },
        {
            "name": "nailsapp/module-api",
            "version": "dev-develop",
            "source": {
                "type": "git",
                "url": "https://github.com/nailsapp/module-api.git",
                "reference": "fbbd02e08d6e230ce9a74f436ea524b7a5606d22"
            },
            "dist": {
                "type": "zip",
                "url": "https://api.github.com/repos/nailsapp/module-api/zipball/fbbd02e08d6e230ce9a74f436ea524b7a5606d22",
                "reference": "fbbd02e08d6e230ce9a74f436ea524b7a5606d22",
                "shasum": ""
            },
            "type": "library",
            "extra": {
                "nails": {
                    "moduleName": "api",
                    "type": "module"
                }
            },
            "notification-url": "https://packagist.org/downloads/",
            "license": [
                "MIT"
            ],
            "authors": [
                {
                    "name": "Pablo de la Pena",
                    "email": "p@shedcollective.org",
                    "homepage": "http://shedcollective.org",
                    "role": "Developer"
                },
                {
                    "name": "Gary Duncan",
                    "email": "g@shedcollective.org",
                    "homepage": "http://shedcollective.org",
                    "role": "Developer"
                }
            ],
            "description": "This is the \"API\" module for Nails.",
            "homepage": "http://nailsapp.co.uk/modules/api",
            "keywords": [
                "API Module",
                "Nails",
                "Shed Collective",
                "codeigniter"
            ],
            "time": "2015-01-28 16:55:06"
        },
        {
            "name": "nailsapp/module-asset",
            "version": "dev-develop",
            "source": {
                "type": "git",
                "url": "https://github.com/nailsapp/module-asset.git",
                "reference": "f142b2bb85b2819c4d80faae8b421f238ffc085b"
            },
            "dist": {
                "type": "zip",
                "url": "https://api.github.com/repos/nailsapp/module-asset/zipball/f142b2bb85b2819c4d80faae8b421f238ffc085b",
                "reference": "f142b2bb85b2819c4d80faae8b421f238ffc085b",
                "shasum": ""
            },
            "type": "library",
            "extra": {
                "nails": {
                    "moduleName": "asset",
                    "type": "module"
                }
            },
            "notification-url": "https://packagist.org/downloads/",
            "license": [
                "MIT"
            ],
            "authors": [
                {
                    "name": "Pablo de la Pena",
                    "email": "p@shedcollective.org",
                    "homepage": "http://shedcollective.org",
                    "role": "Developer"
                },
                {
                    "name": "Gary Duncan",
                    "email": "g@shedcollective.org",
                    "homepage": "http://shedcollective.org",
                    "role": "Developer"
                }
            ],
            "description": "This is the \"Asset\" module for Nails.",
            "homepage": "http://nailsapp.co.uk/modules/asset",
            "keywords": [
                "Asset Module",
                "Nails",
                "Shed Collective",
                "codeigniter"
            ],
            "time": "2015-01-29 13:13:22"
        },
        {
            "name": "nailsapp/module-auth",
            "version": "dev-develop",
            "source": {
                "type": "git",
                "url": "https://github.com/nailsapp/module-auth.git",
                "reference": "c2592651b37101feecbd931753437e6208bc44c6"
            },
            "dist": {
                "type": "zip",
                "url": "https://api.github.com/repos/nailsapp/module-auth/zipball/c2592651b37101feecbd931753437e6208bc44c6",
                "reference": "c2592651b37101feecbd931753437e6208bc44c6",
                "shasum": ""
            },
            "require": {
                "hybridauth/hybridauth": "~2.3.0",
                "nailsapp/module-cdn": "dev-develop",
                "nailsapp/module-curl": "dev-develop",
                "sonata-project/google-authenticator": "1.0.2"
            },
            "type": "library",
            "extra": {
                "nails": {
                    "moduleName": "auth",
                    "type": "module"
                }
            },
            "notification-url": "https://packagist.org/downloads/",
            "license": [
                "MIT"
            ],
            "authors": [
                {
                    "name": "Pablo de la Pena",
                    "email": "p@shedcollective.org",
                    "homepage": "http://shedcollective.org",
                    "role": "Developer"
                },
                {
                    "name": "Gary Duncan",
                    "email": "g@shedcollective.org",
                    "homepage": "http://shedcollective.org",
                    "role": "Developer"
                }
            ],
            "description": "This is the \"Auth\" module for Nails.",
            "homepage": "http://nailsapp.co.uk/modules/auth",
            "keywords": [
                "Auth Module",
                "Nails",
                "Shed Collective",
                "codeigniter"
            ],
            "time": "2015-01-29 13:13:45"
        },
        {
            "name": "nailsapp/module-cdn",
            "version": "dev-develop",
            "source": {
                "type": "git",
                "url": "https://github.com/nailsapp/module-cdn.git",
                "reference": "00e882a1dbe8fe6272fadb5055fe3fd631227779"
            },
            "dist": {
                "type": "zip",
                "url": "https://api.github.com/repos/nailsapp/module-cdn/zipball/00e882a1dbe8fe6272fadb5055fe3fd631227779",
                "reference": "00e882a1dbe8fe6272fadb5055fe3fd631227779",
                "shasum": ""
            },
            "require": {
                "aws/aws-sdk-php": "~2.4.5",
                "masterexploder/phpthumb": "dev-master",
                "nailsapp/module-curl": "dev-develop",
                "sybio/gif-creator": "~1.0.0",
                "sybio/gif-frame-extractor": "~1.0.0"
            },
            "type": "library",
            "extra": {
                "nails": {
                    "moduleName": "cdn",
                    "type": "module"
                }
            },
            "notification-url": "https://packagist.org/downloads/",
            "license": [
                "MIT"
            ],
            "authors": [
                {
                    "name": "Pablo de la Pena",
                    "email": "p@shedcollective.org",
                    "homepage": "http://shedcollective.org",
                    "role": "Developer"
                },
                {
                    "name": "Gary Duncan",
                    "email": "g@shedcollective.org",
                    "homepage": "http://shedcollective.org",
                    "role": "Developer"
                }
            ],
            "description": "This is the \"CDN\" module for Nails.",
            "homepage": "http://nailsapp.co.uk/modules/cdn",
            "keywords": [
                "CDN Module",
                "Nails",
                "Shed Collective",
                "codeigniter"
            ],
            "time": "2015-01-29 01:07:58"
        },
        {
            "name": "nailsapp/module-curl",
            "version": "dev-develop",
            "source": {
                "type": "git",
                "url": "https://github.com/nailsapp/module-curl.git",
                "reference": "e6a391c4804cf4114513c57b3cff0cb26b20dee2"
            },
            "dist": {
                "type": "zip",
                "url": "https://api.github.com/repos/nailsapp/module-curl/zipball/e6a391c4804cf4114513c57b3cff0cb26b20dee2",
                "reference": "e6a391c4804cf4114513c57b3cff0cb26b20dee2",
                "shasum": ""
            },
            "type": "library",
            "extra": {
                "nails": {
                    "moduleName": "curl",
                    "type": "module"
                }
            },
            "notification-url": "https://packagist.org/downloads/",
            "license": [
                "MIT"
            ],
            "authors": [
                {
                    "name": "Pablo de la Pena",
                    "email": "p@shedcollective.org",
                    "homepage": "http://shedcollective.org",
                    "role": "Developer"
                },
                {
                    "name": "Gary Duncan",
                    "email": "g@shedcollective.org",
                    "homepage": "http://shedcollective.org",
                    "role": "Developer"
                }
            ],
            "description": "This is the \"Curl\" module for Nails.",
            "homepage": "http://nailsapp.co.uk/modules/curl",
            "keywords": [
                "Curl Module",
                "Nails",
                "Shed Collective",
                "codeigniter"
            ],
            "time": "2015-01-28 13:02:43"
        },
        {
            "name": "nailsapp/module-email",
            "version": "dev-develop",
            "source": {
                "type": "git",
                "url": "https://github.com/nailsapp/module-email.git",
                "reference": "67ca4039e0665a7d1d6a5390cf3321e2de150b4b"
            },
            "dist": {
                "type": "zip",
                "url": "https://api.github.com/repos/nailsapp/module-email/zipball/67ca4039e0665a7d1d6a5390cf3321e2de150b4b",
                "reference": "67ca4039e0665a7d1d6a5390cf3321e2de150b4b",
                "shasum": ""
            },
            "require": {
                "nailsapp/common": "dev-develop"
            },
            "type": "library",
            "extra": {
                "nails": {
                    "moduleName": "email",
                    "type": "module"
                }
            },
            "notification-url": "https://packagist.org/downloads/",
            "license": [
                "MIT"
            ],
            "authors": [
                {
                    "name": "Pablo de la Pena",
                    "email": "p@shedcollective.org",
                    "homepage": "http://shedcollective.org",
                    "role": "Developer"
                },
                {
                    "name": "Gary Duncan",
                    "email": "g@shedcollective.org",
                    "homepage": "http://shedcollective.org",
                    "role": "Developer"
                }
            ],
            "description": "This is the \"Email\" module for Nails.",
            "homepage": "http://nailsapp.co.uk/modules/email",
            "keywords": [
                "Email Module",
                "Nails",
                "Shed Collective",
                "codeigniter"
            ],
            "time": "2015-01-28 16:55:57"
        },
        {
            "name": "nailsapp/module-event",
            "version": "dev-develop",
            "source": {
                "type": "git",
                "url": "https://github.com/nailsapp/module-event.git",
                "reference": "5420c94c8a7d79521c43b3818112095b4142b78e"
            },
            "dist": {
                "type": "zip",
                "url": "https://api.github.com/repos/nailsapp/module-event/zipball/5420c94c8a7d79521c43b3818112095b4142b78e",
                "reference": "5420c94c8a7d79521c43b3818112095b4142b78e",
                "shasum": ""
            },
            "type": "library",
            "extra": {
                "nails": {
                    "moduleName": "event",
                    "type": "module"
                }
            },
            "notification-url": "https://packagist.org/downloads/",
            "license": [
                "MIT"
            ],
            "authors": [
                {
                    "name": "Pablo de la Pena",
                    "email": "p@shedcollective.org",
                    "homepage": "http://shedcollective.org",
                    "role": "Developer"
                },
                {
                    "name": "Gary Duncan",
                    "email": "g@shedcollective.org",
                    "homepage": "http://shedcollective.org",
                    "role": "Developer"
                }
            ],
            "description": "This is the \"Event\" module for Nails.",
            "homepage": "http://nailsapp.co.uk/modules/event",
            "keywords": [
                "Event Module",
                "Nails",
                "Shed Collective",
                "codeigniter"
            ],
            "time": "2015-01-28 16:56:04"
        },
        {
            "name": "nailsapp/module-pdf",
            "version": "dev-develop",
            "source": {
                "type": "git",
                "url": "https://github.com/nailsapp/module-pdf.git",
                "reference": "3617cb9e4f910e43f03c4befabd6d2b621256249"
            },
            "dist": {
                "type": "zip",
                "url": "https://api.github.com/repos/nailsapp/module-pdf/zipball/3617cb9e4f910e43f03c4befabd6d2b621256249",
                "reference": "3617cb9e4f910e43f03c4befabd6d2b621256249",
                "shasum": ""
            },
            "require": {
                "dompdf/dompdf": "~0.6.1"
            },
            "type": "library",
            "extra": {
                "nails": {
                    "moduleName": "pdf",
                    "type": "module"
                }
            },
            "notification-url": "https://packagist.org/downloads/",
            "license": [
                "MIT"
            ],
            "authors": [
                {
                    "name": "Pablo de la Pena",
                    "email": "p@shedcollective.org",
                    "homepage": "http://shedcollective.org",
                    "role": "Developer"
                },
                {
                    "name": "Gary Duncan",
                    "email": "g@shedcollective.org",
                    "homepage": "http://shedcollective.org",
                    "role": "Developer"
                }
            ],
            "description": "This is the \"PDF\" module for Nails.",
            "homepage": "http://nailsapp.co.uk/modules/pdf",
            "keywords": [
                "Nails",
                "PDF Module",
                "Shed Collective",
                "codeigniter"
            ],
            "time": "2015-01-28 13:03:15"
        },
        {
            "name": "nailsapp/nails",
            "version": "dev-develop",
            "source": {
                "type": "git",
                "url": "https://github.com/nailsapp/nails.git",
                "reference": "cdf35073d41863de23b86612ecc6641e18695a3c"
            },
            "dist": {
                "type": "zip",
                "url": "https://api.github.com/repos/nailsapp/nails/zipball/cdf35073d41863de23b86612ecc6641e18695a3c",
                "reference": "cdf35073d41863de23b86612ecc6641e18695a3c",
                "shasum": ""
            },
            "require": {
                "ext-mcrypt": "*",
                "nailsapp/common": "dev-develop",
                "nailsapp/module-admin": "dev-develop",
                "nailsapp/module-asset": "dev-develop",
                "nailsapp/module-email": "dev-develop",
                "nailsapp/module-event": "dev-develop",
                "php": ">=5.4.0"
            },
            "type": "library",
            "extra": {
                "nails": {
                    "minPhpVersion": "5.4.0"
                }
            },
            "notification-url": "https://packagist.org/downloads/",
            "license": [
                "MIT"
            ],
            "authors": [
                {
                    "name": "Pablo de la Pena",
                    "email": "p@shedcollective.org",
                    "homepage": "http://shedcollective.org",
                    "role": "Developer"
                },
                {
                    "name": "Gary Duncan",
                    "email": "g@shedcollective.org",
                    "homepage": "http://shedcollective.org",
                    "role": "Developer"
                }
            ],
            "description": "The Nails dependency bootstrapper.",
            "homepage": "http://nailsapp.co.uk",
            "keywords": [
                "Nails",
                "Shed Collective",
                "codeigniter"
            ],
            "time": "2015-01-28 11:59:58"
        },
        {
            "name": "phenx/php-font-lib",
            "version": "0.2.2",
            "source": {
                "type": "git",
                "url": "https://github.com/PhenX/php-font-lib.git",
                "reference": "c30c7fc00a6b0d863e9bb4c5d5dd015298b2dc82"
            },
            "dist": {
                "type": "zip",
                "url": "https://api.github.com/repos/PhenX/php-font-lib/zipball/c30c7fc00a6b0d863e9bb4c5d5dd015298b2dc82",
                "reference": "c30c7fc00a6b0d863e9bb4c5d5dd015298b2dc82",
                "shasum": ""
            },
            "type": "library",
            "autoload": {
                "classmap": [
                    "classes/"
                ]
            },
            "notification-url": "https://packagist.org/downloads/",
            "license": [
                "LGPL"
            ],
            "authors": [
                {
                    "name": "Fabien Ménager",
                    "email": "fabien.menager@gmail.com"
                }
            ],
            "description": "A library to read, parse, export and make subsets of different types of font files.",
            "homepage": "https://github.com/PhenX/php-font-lib",
            "time": "2014-02-01 15:22:28"
        },
        {
            "name": "rollbar/rollbar",
            "version": "v0.9.9",
            "source": {
                "type": "git",
                "url": "https://github.com/rollbar/rollbar-php.git",
                "reference": "31f2c59355ab1733e788f6927290b9ae15229836"
            },
            "dist": {
                "type": "zip",
                "url": "https://api.github.com/repos/rollbar/rollbar-php/zipball/31f2c59355ab1733e788f6927290b9ae15229836",
                "reference": "31f2c59355ab1733e788f6927290b9ae15229836",
                "shasum": ""
            },
            "type": "library",
            "autoload": {
                "classmap": [
                    "rollbar.php"
                ]
            },
            "notification-url": "https://packagist.org/downloads/",
            "license": [
                "MIT"
            ],
            "authors": [
                {
                    "name": "Rollbar, Inc.",
                    "email": "support@rollbar.com",
                    "role": "Developer"
                }
            ],
            "description": "Monitors errors and exceptions and reports them to Rollbar",
            "homepage": "http://github.com/rollbar/rollbar-php",
            "keywords": [
                "debugging",
                "errors",
                "exceptions",
                "logging",
                "monitoring"
            ],
            "time": "2014-09-11 19:19:11"
        },
        {
            "name": "sonata-project/google-authenticator",
            "version": "1.0.2",
            "source": {
                "type": "git",
                "url": "https://github.com/sonata-project/GoogleAuthenticator.git",
                "reference": "72f47caddd09d09c0d3c3e046f6b435e0c004cd4"
            },
            "dist": {
                "type": "zip",
                "url": "https://api.github.com/repos/sonata-project/GoogleAuthenticator/zipball/72f47caddd09d09c0d3c3e046f6b435e0c004cd4",
                "reference": "72f47caddd09d09c0d3c3e046f6b435e0c004cd4",
                "shasum": ""
            },
            "require": {
                "php": ">=5.3.0"
            },
            "type": "library",
            "autoload": {
                "psr-4": {
                    "Google\\Authenticator\\": "lib/",
                    "Google\\Authenticator\\Tests\\": "tests/"
                }
            },
            "notification-url": "https://packagist.org/downloads/",
            "license": [
                "MIT"
            ],
            "authors": [
                {
                    "name": "Thomas Rabaix",
                    "email": "thomas.rabaix@gmail.com",
                    "homepage": "http://sonata-project.org/"
                },
                {
                    "name": "Christian Stocker",
                    "email": "me@chregu.tv"
                },
                {
                    "name": "Andre DeMarre",
                    "homepage": "http://www.devnetwork.net/viewtopic.php?f=50&t=94989"
                }
            ],
            "description": "Library to integrate Google Authenticator into a PHP project",
            "homepage": "https://github.com/sonata-project/GoogleAuthenticator",
            "keywords": [
                "google authenticator"
            ],
            "time": "2014-03-31 09:18:53"
        },
        {
            "name": "sybio/gif-creator",
            "version": "1.0.0",
            "source": {
                "type": "git",
                "url": "https://github.com/Sybio/GifCreator.git",
                "reference": "250fc2f705181693c6c40b3d569d62353164bcbf"
            },
            "dist": {
                "type": "zip",
                "url": "https://api.github.com/repos/Sybio/GifCreator/zipball/250fc2f705181693c6c40b3d569d62353164bcbf",
                "reference": "250fc2f705181693c6c40b3d569d62353164bcbf",
                "shasum": ""
            },
            "require": {
                "php": ">=5.3.0"
            },
            "type": "library",
            "autoload": {
                "psr-0": {
                    "GifCreator": "src"
                }
            },
            "notification-url": "https://packagist.org/downloads/",
            "license": [
                "MIT"
            ],
            "authors": [
                {
                    "name": "Clément Guillemain",
                    "homepage": "http://clementguillemain.fr",
                    "role": "Developer / Freelancer"
                }
            ],
            "description": "PHP class that creates animated GIF from multiple images",
            "homepage": "https://github.com/Sybio/GifCreator",
            "keywords": [
                "animated",
                "creation",
                "encode",
                "gif",
                "php"
            ],
            "time": "2012-10-13 09:04:46"
        },
        {
            "name": "sybio/gif-frame-extractor",
            "version": "1.0.0",
            "source": {
                "type": "git",
                "url": "https://github.com/Sybio/GifFrameExtractor.git",
                "reference": "13e9880add3ae9cca10a48a0a3897fe3d0069f71"
            },
            "dist": {
                "type": "zip",
                "url": "https://api.github.com/repos/Sybio/GifFrameExtractor/zipball/13e9880add3ae9cca10a48a0a3897fe3d0069f71",
                "reference": "13e9880add3ae9cca10a48a0a3897fe3d0069f71",
                "shasum": ""
            },
            "require": {
                "php": ">=5.3.0"
            },
            "type": "library",
            "autoload": {
                "psr-0": {
                    "GifFrameExtractor": "src"
                }
            },
            "notification-url": "https://packagist.org/downloads/",
            "license": [
                "MIT"
            ],
            "authors": [
                {
                    "name": "Clément Guillemain",
                    "homepage": "http://clementguillemain.fr",
                    "role": "Developer / Freelancer"
                }
            ],
            "description": "PHP class that separates all the frames (and their duration) of an animated GIF",
            "homepage": "https://github.com/Sybio/GifFrameExtractor",
            "keywords": [
                "animated",
                "duration",
                "frame",
                "gif",
                "php",
                "separate",
                "time"
            ],
            "time": "2012-10-13 09:06:51"
        },
        {
            "name": "symfony/console",
            "version": "v2.5.9",
            "target-dir": "Symfony/Component/Console",
            "source": {
                "type": "git",
                "url": "https://github.com/symfony/Console.git",
                "reference": "754f4b6de7b4a1d442f9b6a728bfb7adef54592c"
            },
            "dist": {
                "type": "zip",
                "url": "https://api.github.com/repos/symfony/Console/zipball/754f4b6de7b4a1d442f9b6a728bfb7adef54592c",
                "reference": "754f4b6de7b4a1d442f9b6a728bfb7adef54592c",
                "shasum": ""
            },
            "require": {
                "php": ">=5.3.3"
            },
            "require-dev": {
                "psr/log": "~1.0",
                "symfony/event-dispatcher": "~2.1"
            },
            "suggest": {
                "psr/log": "For using the console logger",
                "symfony/event-dispatcher": ""
            },
            "type": "library",
            "extra": {
                "branch-alias": {
                    "dev-master": "2.5-dev"
                }
            },
            "autoload": {
                "psr-0": {
                    "Symfony\\Component\\Console\\": ""
                }
            },
            "notification-url": "https://packagist.org/downloads/",
            "license": [
                "MIT"
            ],
            "authors": [
                {
                    "name": "Symfony Community",
                    "homepage": "http://symfony.com/contributors"
                },
                {
                    "name": "Fabien Potencier",
                    "email": "fabien@symfony.com"
                }
            ],
            "description": "Symfony Console Component",
            "homepage": "http://symfony.com",
            "time": "2015-01-06 17:40:45"
        },
        {
            "name": "symfony/event-dispatcher",
            "version": "v2.6.3",
            "target-dir": "Symfony/Component/EventDispatcher",
            "source": {
                "type": "git",
                "url": "https://github.com/symfony/EventDispatcher.git",
                "reference": "40ff70cadea3785d83cac1c8309514b36113064e"
            },
            "dist": {
                "type": "zip",
                "url": "https://api.github.com/repos/symfony/EventDispatcher/zipball/40ff70cadea3785d83cac1c8309514b36113064e",
                "reference": "40ff70cadea3785d83cac1c8309514b36113064e",
                "shasum": ""
            },
            "require": {
                "php": ">=5.3.3"
            },
            "require-dev": {
                "psr/log": "~1.0",
                "symfony/config": "~2.0,>=2.0.5",
                "symfony/dependency-injection": "~2.6",
                "symfony/expression-language": "~2.6",
                "symfony/stopwatch": "~2.3"
            },
            "suggest": {
                "symfony/dependency-injection": "",
                "symfony/http-kernel": ""
            },
            "type": "library",
            "extra": {
                "branch-alias": {
                    "dev-master": "2.6-dev"
                }
            },
            "autoload": {
                "psr-0": {
                    "Symfony\\Component\\EventDispatcher\\": ""
                }
            },
            "notification-url": "https://packagist.org/downloads/",
            "license": [
                "MIT"
            ],
            "authors": [
                {
                    "name": "Symfony Community",
                    "homepage": "http://symfony.com/contributors"
                },
                {
                    "name": "Fabien Potencier",
                    "email": "fabien@symfony.com"
                }
            ],
            "description": "Symfony EventDispatcher Component",
            "homepage": "http://symfony.com",
            "time": "2015-01-05 14:28:40"
        },
        {
            "name": "symfony/filesystem",
            "version": "v2.2.11",
            "target-dir": "Symfony/Component/Filesystem",
            "source": {
                "type": "git",
                "url": "https://github.com/symfony/Filesystem.git",
                "reference": "dffe0df31d16718f36ef40e7441f5a8d3e31625a"
            },
            "dist": {
                "type": "zip",
                "url": "https://api.github.com/repos/symfony/Filesystem/zipball/dffe0df31d16718f36ef40e7441f5a8d3e31625a",
                "reference": "dffe0df31d16718f36ef40e7441f5a8d3e31625a",
                "shasum": ""
            },
            "require": {
                "php": ">=5.3.3"
            },
            "type": "library",
            "extra": {
                "branch-alias": {
                    "dev-master": "2.2-dev"
                }
            },
            "autoload": {
                "psr-0": {
                    "Symfony\\Component\\Filesystem\\": ""
                }
            },
            "notification-url": "https://packagist.org/downloads/",
            "license": [
                "MIT"
            ],
            "authors": [
                {
                    "name": "Symfony Community",
                    "homepage": "http://symfony.com/contributors"
                },
                {
                    "name": "Fabien Potencier",
                    "email": "fabien@symfony.com"
                }
            ],
            "description": "Symfony Filesystem Component",
            "homepage": "http://symfony.com",
            "time": "2013-09-18 07:27:26"
        }
    ],
    "packages-dev": [],
    "aliases": [],
    "minimum-stability": "dev",
    "stability-flags": {
        "nailsapp/nails": 20,
        "nailsapp/module-api": 20
    },
    "prefer-stable": true,
    "platform": [],
    "platform-dev": []
}
